
Microsoft Visual Studio Solution File, Format Version 12.00
# Visual Studio Version 17
VisualStudioVersion = 17.11.35222.181
MinimumVisualStudioVersion = 10.0.40219.1
Project("{FAE04EC0-301F-11D3-BF4B-00C04F79EFBC}") = "lab10_dod", "lab10_dod\lab10_dod.csproj", "{756D9D30-0822-449E-BD3E-5A293862A24B}"
EndProject
Global
	GlobalSection(SolutionConfigurationPlatforms) = preSolution
		Debug|Any CPU = Debug|Any CPU
		Release|Any CPU = Release|Any CPU
	EndGlobalSection
	GlobalSection(ProjectConfigurationPlatforms) = postSolution
		{756D9D30-0822-449E-BD3E-5A293862A24B}.Debug|Any CPU.ActiveCfg = Debug|Any CPU
		{756D9D30-0822-449E-BD3E-5A293862A24B}.Debug|Any CPU.Build.0 = Debug|Any CPU
		{756D9D30-0822-449E-BD3E-5A293862A24B}.Release|Any CPU.ActiveCfg = Release|Any CPU
		{756D9D30-0822-449E-BD3E-5A293862A24B}.Release|Any CPU.Build.0 = Release|Any CPU
	EndGlobalSection
	GlobalSection(SolutionProperties) = preSolution
		HideSolutionNode = FALSE
	EndGlobalSection
	GlobalSection(ExtensibilityGlobals) = postSolution
		SolutionGuid = {418564DB-85B5-4C10-80A6-26BB75C0483D}
	EndGlobalSection
EndGlobal
