
Microsoft Visual Studio Solution File, Format Version 12.00
# Visual Studio Version 17
VisualStudioVersion = 17.11.35222.181
MinimumVisualStudioVersion = 10.0.40219.1
Project("{FAE04EC0-301F-11D3-BF4B-00C04F79EFBC}") = "lab5-dodatkovi-vsi", "lab5-dodatkovi-vsi\lab5-dodatkovi-vsi.csproj", "{354E4D16-36F9-470A-A659-0B0C7BBBD568}"
EndProject
Global
	GlobalSection(SolutionConfigurationPlatforms) = preSolution
		Debug|Any CPU = Debug|Any CPU
		Release|Any CPU = Release|Any CPU
	EndGlobalSection
	GlobalSection(ProjectConfigurationPlatforms) = postSolution
		{354E4D16-36F9-470A-A659-0B0C7BBBD568}.Debug|Any CPU.ActiveCfg = Debug|Any CPU
		{354E4D16-36F9-470A-A659-0B0C7BBBD568}.Debug|Any CPU.Build.0 = Debug|Any CPU
		{354E4D16-36F9-470A-A659-0B0C7BBBD568}.Release|Any CPU.ActiveCfg = Release|Any CPU
		{354E4D16-36F9-470A-A659-0B0C7BBBD568}.Release|Any CPU.Build.0 = Release|Any CPU
	EndGlobalSection
	GlobalSection(SolutionProperties) = preSolution
		HideSolutionNode = FALSE
	EndGlobalSection
	GlobalSection(ExtensibilityGlobals) = postSolution
		SolutionGuid = {0BCAD41E-47B5-48C1-A0C1-AE716B076CC0}
	EndGlobalSection
EndGlobal
