
Microsoft Visual Studio Solution File, Format Version 12.00
# Visual Studio Version 17
VisualStudioVersion = 17.11.35222.181
MinimumVisualStudioVersion = 10.0.40219.1
Project("{FAE04EC0-301F-11D3-BF4B-00C04F79EFBC}") = "dod-zav", "dod-zav\dod-zav.csproj", "{722E81D9-79F3-489F-A28A-8E52F5CAD62A}"
EndProject
Global
	GlobalSection(SolutionConfigurationPlatforms) = preSolution
		Debug|Any CPU = Debug|Any CPU
		Release|Any CPU = Release|Any CPU
	EndGlobalSection
	GlobalSection(ProjectConfigurationPlatforms) = postSolution
		{722E81D9-79F3-489F-A28A-8E52F5CAD62A}.Debug|Any CPU.ActiveCfg = Debug|Any CPU
		{722E81D9-79F3-489F-A28A-8E52F5CAD62A}.Debug|Any CPU.Build.0 = Debug|Any CPU
		{722E81D9-79F3-489F-A28A-8E52F5CAD62A}.Release|Any CPU.ActiveCfg = Release|Any CPU
		{722E81D9-79F3-489F-A28A-8E52F5CAD62A}.Release|Any CPU.Build.0 = Release|Any CPU
	EndGlobalSection
	GlobalSection(SolutionProperties) = preSolution
		HideSolutionNode = FALSE
	EndGlobalSection
	GlobalSection(ExtensibilityGlobals) = postSolution
		SolutionGuid = {757B7216-58AD-4905-9C28-221EF762329C}
	EndGlobalSection
EndGlobal
