
Microsoft Visual Studio Solution File, Format Version 12.00
# Visual Studio Version 17
VisualStudioVersion = 17.11.35222.181
MinimumVisualStudioVersion = 10.0.40219.1
Project("{FAE04EC0-301F-11D3-BF4B-00C04F79EFBC}") = "lab13", "lab13\lab13.csproj", "{2C1EC8F6-A84F-42F7-B6A9-FF3770D37996}"
EndProject
Global
	GlobalSection(SolutionConfigurationPlatforms) = preSolution
		Debug|Any CPU = Debug|Any CPU
		Release|Any CPU = Release|Any CPU
	EndGlobalSection
	GlobalSection(ProjectConfigurationPlatforms) = postSolution
		{2C1EC8F6-A84F-42F7-B6A9-FF3770D37996}.Debug|Any CPU.ActiveCfg = Debug|Any CPU
		{2C1EC8F6-A84F-42F7-B6A9-FF3770D37996}.Debug|Any CPU.Build.0 = Debug|Any CPU
		{2C1EC8F6-A84F-42F7-B6A9-FF3770D37996}.Release|Any CPU.ActiveCfg = Release|Any CPU
		{2C1EC8F6-A84F-42F7-B6A9-FF3770D37996}.Release|Any CPU.Build.0 = Release|Any CPU
	EndGlobalSection
	GlobalSection(SolutionProperties) = preSolution
		HideSolutionNode = FALSE
	EndGlobalSection
	GlobalSection(ExtensibilityGlobals) = postSolution
		SolutionGuid = {00914C4E-1462-4E6B-830A-0A6BEBE09930}
	EndGlobalSection
EndGlobal
